
Microsoft Visual Studio Solution File, Format Version 12.00
# Visual Studio Version 17
VisualStudioVersion = 17.0.32112.339
MinimumVisualStudioVersion = 10.0.40219.1
Project("{FAE04EC0-301F-11D3-BF4B-00C04F79EFBC}") = "MyApplication", "MyApplication\MyApplication.csproj", "{100A73FE-1DDE-4BE2-8217-3FB10A13E288}"
EndProject
Global
	GlobalSection(SolutionConfigurationPlatforms) = preSolution
		Debug|Any CPU = Debug|Any CPU
		Release|Any CPU = Release|Any CPU
	EndGlobalSection
	GlobalSection(ProjectConfigurationPlatforms) = postSolution
		{100A73FE-1DDE-4BE2-8217-3FB10A13E288}.Debug|Any CPU.ActiveCfg = Debug|Any CPU
		{100A73FE-1DDE-4BE2-8217-3FB10A13E288}.Debug|Any CPU.Build.0 = Debug|Any CPU
		{100A73FE-1DDE-4BE2-8217-3FB10A13E288}.Release|Any CPU.ActiveCfg = Release|Any CPU
		{100A73FE-1DDE-4BE2-8217-3FB10A13E288}.Release|Any CPU.Build.0 = Release|Any CPU
	EndGlobalSection
	GlobalSection(SolutionProperties) = preSolution
		HideSolutionNode = FALSE
	EndGlobalSection
	GlobalSection(ExtensibilityGlobals) = postSolution
		SolutionGuid = {D506FFE2-5D49-4634-A9B1-9C860D4D161C}
	EndGlobalSection
EndGlobal
